
Microsoft Visual Studio Solution File, Format Version 12.00
# Visual Studio 2013
Project("{FAE04EC0-301F-11D3-BF4B-00C04F79EFBC}") = "LResources.CSharp.Plugins", "LResources.CSharp.Plugins.csproj", "{40E9E34D-886E-1391-1F7A-F0A449146F2F}"
EndProject
Project("{FAE04EC0-301F-11D3-BF4B-00C04F79EFBC}") = "LResources.CSharp.Editor", "LResources.CSharp.Editor.csproj", "{BFBF4893-2273-A47D-0330-60D0DC15720F}"
EndProject
Global
	GlobalSection(SolutionConfigurationPlatforms) = preSolution
		Debug|Any CPU = Debug|Any CPU
		Release|Any CPU = Release|Any CPU
	EndGlobalSection
	GlobalSection(ProjectConfigurationPlatforms) = postSolution
		{40E9E34D-886E-1391-1F7A-F0A449146F2F}.Debug|Any CPU.ActiveCfg = Debug|Any CPU
		{40E9E34D-886E-1391-1F7A-F0A449146F2F}.Debug|Any CPU.Build.0 = Debug|Any CPU
		{40E9E34D-886E-1391-1F7A-F0A449146F2F}.Release|Any CPU.ActiveCfg = Release|Any CPU
		{40E9E34D-886E-1391-1F7A-F0A449146F2F}.Release|Any CPU.Build.0 = Release|Any CPU
		{BFBF4893-2273-A47D-0330-60D0DC15720F}.Debug|Any CPU.ActiveCfg = Debug|Any CPU
		{BFBF4893-2273-A47D-0330-60D0DC15720F}.Debug|Any CPU.Build.0 = Debug|Any CPU
		{BFBF4893-2273-A47D-0330-60D0DC15720F}.Release|Any CPU.ActiveCfg = Release|Any CPU
		{BFBF4893-2273-A47D-0330-60D0DC15720F}.Release|Any CPU.Build.0 = Release|Any CPU
	EndGlobalSection
	GlobalSection(SolutionProperties) = preSolution
		HideSolutionNode = FALSE
	EndGlobalSection
EndGlobal
